
Microsoft Visual Studio Solution File, Format Version 12.00
# Visual Studio Version 17
VisualStudioVersion = 17.0.32014.148
MinimumVisualStudioVersion = 10.0.40219.1
Project("{FAE04EC0-301F-11D3-BF4B-00C04F79EFBC}") = "ExercicioComposicao", "ExercicioComposicao\ExercicioComposicao.csproj", "{7744629A-7F77-4DB7-8C04-A341B6E6DEDB}"
EndProject
Global
	GlobalSection(SolutionConfigurationPlatforms) = preSolution
		Debug|Any CPU = Debug|Any CPU
		Release|Any CPU = Release|Any CPU
	EndGlobalSection
	GlobalSection(ProjectConfigurationPlatforms) = postSolution
		{7744629A-7F77-4DB7-8C04-A341B6E6DEDB}.Debug|Any CPU.ActiveCfg = Debug|Any CPU
		{7744629A-7F77-4DB7-8C04-A341B6E6DEDB}.Debug|Any CPU.Build.0 = Debug|Any CPU
		{7744629A-7F77-4DB7-8C04-A341B6E6DEDB}.Release|Any CPU.ActiveCfg = Release|Any CPU
		{7744629A-7F77-4DB7-8C04-A341B6E6DEDB}.Release|Any CPU.Build.0 = Release|Any CPU
	EndGlobalSection
	GlobalSection(SolutionProperties) = preSolution
		HideSolutionNode = FALSE
	EndGlobalSection
	GlobalSection(ExtensibilityGlobals) = postSolution
		SolutionGuid = {192C6BCA-78ED-46B2-B18F-1BA053956974}
	EndGlobalSection
EndGlobal
